{
  "requires": true,
  "lockfileVersion": 1,
  "dependencies": {
    "@angular/animations": {
      "version": "10.0.3",
      "resolved": "https://registry.npmjs.org/@angular/animations/-/animations-10.0.3.tgz",
      "integrity": "sha512-s7hob0TmSRqsgEWdB0EYsKY8eF8iD6Sj44XntecAhEc/IxVQGIIZiNwGvW43Lb8iEdbvdF+GJfgxu5I8ZWMX3Q==",
      "requires": {
        "tslib": "^2.0.0"
      },
      "dependencies": {
        "tslib": {
          "version": "2.0.0",
          "resolved": "https://registry.npmjs.org/tslib/-/tslib-2.0.0.tgz",
          "integrity": "sha512-lTqkx847PI7xEDYJntxZH89L2/aXInsyF2luSafe/+0fHOMjlBNXdH6th7f70qxLDhul7KZK0zC8V5ZIyHl0/g=="
        }
      }
    },
    "ngx-toastr": {
      "version": "12.1.0",
      "resolved": "https://registry.npmjs.org/ngx-toastr/-/ngx-toastr-12.1.0.tgz",
      "integrity": "sha512-rytCRBhvuudj614Kfj9GoIVQDrFuLvHSMP1YrMwTmR1SNkNJZOpGKmaSDCCBrNDkSrGouzMWBlFbl1UDBBsiqw==",
      "requires": {
        "tslib": "^1.10.0"
      }
    },
    "tslib": {
      "version": "1.13.0",
      "resolved": "https://registry.npmjs.org/tslib/-/tslib-1.13.0.tgz",
      "integrity": "sha512-i/6DQjL8Xf3be4K/E6Wgpekn5Qasl1usyw++dAA35Ue5orEn65VIxOA+YvNNl9HV3qv70T7CNwjODHZrLwvd1Q=="
    }
  }
}
